
Microsoft Visual Studio Solution File, Format Version 12.00
# Visual Studio 15
VisualStudioVersion = 15.0.28307.779
MinimumVisualStudioVersion = 10.0.40219.1
Project("{8BC9CEB8-8B4A-11D0-8D11-00A0C91BC942}") = "CloudBackup", "CloudBackup\CloudBackup.vcxproj", "{385DCD50-83A3-4BD3-AF6B-D564B1DB7D1C}"
EndProject
Global
	GlobalSection(SolutionConfigurationPlatforms) = preSolution
		Debug|x64 = Debug|x64
		Debug|x86 = Debug|x86
		Release|x64 = Release|x64
		Release|x86 = Release|x86
	EndGlobalSection
	GlobalSection(ProjectConfigurationPlatforms) = postSolution
		{385DCD50-83A3-4BD3-AF6B-D564B1DB7D1C}.Debug|x64.ActiveCfg = Debug|x64
		{385DCD50-83A3-4BD3-AF6B-D564B1DB7D1C}.Debug|x64.Build.0 = Debug|x64
		{385DCD50-83A3-4BD3-AF6B-D564B1DB7D1C}.Debug|x86.ActiveCfg = Debug|Win32
		{385DCD50-83A3-4BD3-AF6B-D564B1DB7D1C}.Debug|x86.Build.0 = Debug|Win32
		{385DCD50-83A3-4BD3-AF6B-D564B1DB7D1C}.Release|x64.ActiveCfg = Release|x64
		{385DCD50-83A3-4BD3-AF6B-D564B1DB7D1C}.Release|x64.Build.0 = Release|x64
		{385DCD50-83A3-4BD3-AF6B-D564B1DB7D1C}.Release|x86.ActiveCfg = Release|Win32
		{385DCD50-83A3-4BD3-AF6B-D564B1DB7D1C}.Release|x86.Build.0 = Release|Win32
	EndGlobalSection
	GlobalSection(SolutionProperties) = preSolution
		HideSolutionNode = FALSE
	EndGlobalSection
	GlobalSection(ExtensibilityGlobals) = postSolution
		SolutionGuid = {D019B4E0-CCF6-4549-AC83-EA840EABFF7C}
	EndGlobalSection
EndGlobal
